{
  "name": "hyperbudget-scripts",
  "version": "1.0.0",
  "lockfileVersion": 1,
  "requires": true,
  "dependencies": {
    "@hyperbudget/hyperbudget-core": {
      "version": "2.3.0",
      "resolved": "https://registry.npmjs.org/@hyperbudget/hyperbudget-core/-/hyperbudget-core-2.3.0.tgz",
      "integrity": "sha512-QRm6uKI0FEquDi1BnkTrvjTU5KVCCuKIBt3kJ956Z1TJyY5GH4keiCPxaCJfEpr+uhNrDMKejqv8iqdwOCEolw==",
      "requires": {
        "csv-parse": "2.4.0",
        "moment": "2.22.1",
        "path": "0.12.7",
        "sha1": "1.1.1",
        "typescript": "2.8.3"
      }
    },
    "@types/node": {
      "version": "10.1.3",
      "resolved": "https://registry.npmjs.org/@types/node/-/node-10.1.3.tgz",
      "integrity": "sha512-GiCx7dRvta0hbxXoJFAUxz+CKX6bZSCKjM5slq2vPp/5zwK01T4ibYZkGr6EN4F2QmxDQR76/ZHg6q+7iFWCWw==",
      "dev": true
    },
    "@types/node-getopt": {
      "version": "0.2.31",
      "resolved": "https://registry.npmjs.org/@types/node-getopt/-/node-getopt-0.2.31.tgz",
      "integrity": "sha512-yicC07+3QgBYZvPqaSjKZMtswzanF3bXJz+mi+za23favRjPTOeZ8ZAXydzttb+IHh6/zevhYMZNHnG9E2pRhw==",
      "dev": true
    },
    "charenc": {
      "version": "0.0.2",
      "resolved": "https://registry.npmjs.org/charenc/-/charenc-0.0.2.tgz",
      "integrity": "sha1-wKHS86cJLgN3S/qD8UwPxXkKhmc="
    },
    "crypt": {
      "version": "0.0.2",
      "resolved": "https://registry.npmjs.org/crypt/-/crypt-0.0.2.tgz",
      "integrity": "sha1-iNf/fsDfuG9xPch7u0LQRNPmxBs="
    },
    "csv-parse": {
      "version": "2.4.0",
      "resolved": "https://registry.npmjs.org/csv-parse/-/csv-parse-2.4.0.tgz",
      "integrity": "sha512-C/Biz45WWkL7yGvzyD4ONDMaQFHC/nIrSCOh9YCEBLsDQ4JOSDsgp7oyTFvOaMwvI/OVfJ7qLIPcx00Dk/7USw=="
    },
    "fs": {
      "version": "0.0.1-security",
      "resolved": "https://registry.npmjs.org/fs/-/fs-0.0.1-security.tgz",
      "integrity": "sha1-invTcYa23d84E/I4WLV+yq9eQdQ="
    },
    "inherits": {
      "version": "2.0.1",
      "resolved": "https://registry.npmjs.org/inherits/-/inherits-2.0.1.tgz",
      "integrity": "sha1-sX0I0ya0Qj5Wjv9xn5GwscvfafE="
    },
    "moment": {
      "version": "2.22.1",
      "resolved": "https://registry.npmjs.org/moment/-/moment-2.22.1.tgz",
      "integrity": "sha512-shJkRTSebXvsVqk56I+lkb2latjBs8I+pc2TzWc545y2iFnSjm7Wg0QMh+ZWcdSLQyGEau5jI8ocnmkyTgr9YQ=="
    },
    "node-getopt": {
      "version": "0.3.2",
      "resolved": "https://registry.npmjs.org/node-getopt/-/node-getopt-0.3.2.tgz",
      "integrity": "sha512-yqkmYrMbK1wPrfz7mgeYvA4tBperLg9FQ4S3Sau3nSAkpOA0x0zC8nQ1siBwozy1f4SE8vq2n1WKv99r+PCa1Q=="
    },
    "path": {
      "version": "0.12.7",
      "resolved": "https://registry.npmjs.org/path/-/path-0.12.7.tgz",
      "integrity": "sha1-1NwqUGxM4hl+tIHr/NWzbAFAsQ8=",
      "requires": {
        "process": "0.11.10",
        "util": "0.10.3"
      }
    },
    "process": {
      "version": "0.11.10",
      "resolved": "https://registry.npmjs.org/process/-/process-0.11.10.tgz",
      "integrity": "sha1-czIwDoQBYb2j5podHZGn1LwW8YI="
    },
    "sha1": {
      "version": "1.1.1",
      "resolved": "https://registry.npmjs.org/sha1/-/sha1-1.1.1.tgz",
      "integrity": "sha1-rdqnqTFo85PxnrKxUJFhjicA+Eg=",
      "requires": {
        "charenc": "0.0.2",
        "crypt": "0.0.2"
      }
    },
    "typescript": {
      "version": "2.8.3",
      "resolved": "https://registry.npmjs.org/typescript/-/typescript-2.8.3.tgz",
      "integrity": "sha512-K7g15Bb6Ra4lKf7Iq2l/I5/En+hLIHmxWZGq3D4DIRNFxMNV6j2SHSvDOqs2tGd4UvD/fJvrwopzQXjLrT7Itw=="
    },
    "util": {
      "version": "0.10.3",
      "resolved": "https://registry.npmjs.org/util/-/util-0.10.3.tgz",
      "integrity": "sha1-evsa/lCAUkZInj23/g7TeTNqwPk=",
      "requires": {
        "inherits": "2.0.1"
      }
    }
  }
}
